github.com/JobNing/framework v0.0.0-20240226082129-4d4035a69928 h1:SGwMpLSxuP9fTKR2dG5QITJNy63zTtE4Uk9DbP0x/so=
github.com/JobNing/framework v0.0.0-20240226082129-4d4035a69928/go.mod h1:phZBwESNHoWYoazW+4kI303JM9rHBGCiwkDzTx0CmXU=
github.com/yanlihongaichila/framework v0.0.0-20240226092029-7cfeb7193001 h1:XCLApi8W/T8iUU1k6vJPDEoa3/CUmZ4e/vt2cyuQOfc=
github.com/yanlihongaichila/framework v0.0.0-20240226092029-7cfeb7193001/go.mod h1:wAZjBq8B86MKi2UnkTTypO8w51WXjtaw8LTBqoGiK7M=
